// !$*UTF8*$!
{
	archiveVersion = 1;
	classes = {
	};
	objectVersion = 56;
	objects = {

/* Begin PBXBuildFile section */
		392267DB2B34AFD300B831E6 /* Color.swift in Sources */ = {isa = PBXBuildFile; fileRef = 392267DA2B34AFD300B831E6 /* Color.swift */; };
		392267DD2B34B22200B831E6 /* SwitchDetailedView.swift in Sources */ = {isa = PBXBuildFile; fileRef = 392267DC2B34B22200B831E6 /* SwitchDetailedView.swift */; };
		3927876E2B32D584009D8A27 /* HotelApp.swift in Sources */ = {isa = PBXBuildFile; fileRef = 3927876D2B32D584009D8A27 /* HotelApp.swift */; };
		392787702B32D584009D8A27 /* HomeView.swift in Sources */ = {isa = PBXBuildFile; fileRef = 3927876F2B32D584009D8A27 /* HomeView.swift */; };
		392787722B32D586009D8A27 /* Assets.xcassets in Resources */ = {isa = PBXBuildFile; fileRef = 392787712B32D586009D8A27 /* Assets.xcassets */; };
		392787752B32D586009D8A27 /* Preview Assets.xcassets in Resources */ = {isa = PBXBuildFile; fileRef = 392787742B32D586009D8A27 /* Preview Assets.xcassets */; };
		3927877D2B32D609009D8A27 /* NetworkingManager.swift in Sources */ = {isa = PBXBuildFile; fileRef = 3927877C2B32D609009D8A27 /* NetworkingManager.swift */; };
		392787862B32E9F6009D8A27 /* NetworkingError.swift in Sources */ = {isa = PBXBuildFile; fileRef = 392787852B32E9F6009D8A27 /* NetworkingError.swift */; };
		39687E492B34B64300B75C44 /* TagLayout.swift in Sources */ = {isa = PBXBuildFile; fileRef = 39687E482B34B64300B75C44 /* TagLayout.swift */; };
		39687E4B2B34B67800B75C44 /* LayoutSubviews.swift in Sources */ = {isa = PBXBuildFile; fileRef = 39687E4A2B34B67800B75C44 /* LayoutSubviews.swift */; };
		39687E4D2B34B7BF00B75C44 /* BannerView.swift in Sources */ = {isa = PBXBuildFile; fileRef = 39687E4C2B34B7BF00B75C44 /* BannerView.swift */; };
		39687E502B34C07400B75C44 /* HomeViewModel.swift in Sources */ = {isa = PBXBuildFile; fileRef = 39687E4F2B34C07400B75C44 /* HomeViewModel.swift */; };
/* End PBXBuildFile section */

/* Begin PBXFileReference section */
		392267DA2B34AFD300B831E6 /* Color.swift */ = {isa = PBXFileReference; lastKnownFileType = sourcecode.swift; path = Color.swift; sourceTree = "<group>"; };
		392267DC2B34B22200B831E6 /* SwitchDetailedView.swift */ = {isa = PBXFileReference; lastKnownFileType = sourcecode.swift; path = SwitchDetailedView.swift; sourceTree = "<group>"; };
		3927876A2B32D584009D8A27 /* Hotel.app */ = {isa = PBXFileReference; explicitFileType = wrapper.application; includeInIndex = 0; path = Hotel.app; sourceTree = BUILT_PRODUCTS_DIR; };
		3927876D2B32D584009D8A27 /* HotelApp.swift */ = {isa = PBXFileReference; lastKnownFileType = sourcecode.swift; path = HotelApp.swift; sourceTree = "<group>"; };
		3927876F2B32D584009D8A27 /* HomeView.swift */ = {isa = PBXFileReference; lastKnownFileType = sourcecode.swift; path = HomeView.swift; sourceTree = "<group>"; };
		392787712B32D586009D8A27 /* Assets.xcassets */ = {isa = PBXFileReference; lastKnownFileType = folder.assetcatalog; path = Assets.xcassets; sourceTree = "<group>"; };
		392787742B32D586009D8A27 /* Preview Assets.xcassets */ = {isa = PBXFileReference; lastKnownFileType = folder.assetcatalog; path = "Preview Assets.xcassets"; sourceTree = "<group>"; };
		3927877C2B32D609009D8A27 /* NetworkingManager.swift */ = {isa = PBXFileReference; lastKnownFileType = sourcecode.swift; path = NetworkingManager.swift; sourceTree = "<group>"; };
		392787852B32E9F6009D8A27 /* NetworkingError.swift */ = {isa = PBXFileReference; lastKnownFileType = sourcecode.swift; path = NetworkingError.swift; sourceTree = "<group>"; };
		39687E482B34B64300B75C44 /* TagLayout.swift */ = {isa = PBXFileReference; lastKnownFileType = sourcecode.swift; path = TagLayout.swift; sourceTree = "<group>"; };
		39687E4A2B34B67800B75C44 /* LayoutSubviews.swift */ = {isa = PBXFileReference; lastKnownFileType = sourcecode.swift; path = LayoutSubviews.swift; sourceTree = "<group>"; };
		39687E4C2B34B7BF00B75C44 /* BannerView.swift */ = {isa = PBXFileReference; lastKnownFileType = sourcecode.swift; path = BannerView.swift; sourceTree = "<group>"; };
		39687E4F2B34C07400B75C44 /* HomeViewModel.swift */ = {isa = PBXFileReference; lastKnownFileType = sourcecode.swift; path = HomeViewModel.swift; sourceTree = "<group>"; };
/* End PBXFileReference section */

/* Begin PBXFrameworksBuildPhase section */
		392787672B32D584009D8A27 /* Frameworks */ = {
			isa = PBXFrameworksBuildPhase;
			buildActionMask = 2147483647;
			files = (
			);
			runOnlyForDeploymentPostprocessing = 0;
		};
/* End PBXFrameworksBuildPhase section */

/* Begin PBXGroup section */
		392267D72B342EC500B831E6 /* Home */ = {
			isa = PBXGroup;
			children = (
				39687E4E2B34C06300B75C44 /* ViewModel */,
				392267D82B342ED100B831E6 /* View */,
			);
			path = Home;
			sourceTree = "<group>";
		};
		392267D82B342ED100B831E6 /* View */ = {
			isa = PBXGroup;
			children = (
				3927876F2B32D584009D8A27 /* HomeView.swift */,
				392267D92B34AD6200B831E6 /* Components */,
			);
			path = View;
			sourceTree = "<group>";
		};
		392267D92B34AD6200B831E6 /* Components */ = {
			isa = PBXGroup;
			children = (
				392267DC2B34B22200B831E6 /* SwitchDetailedView.swift */,
				39687E482B34B64300B75C44 /* TagLayout.swift */,
				39687E4C2B34B7BF00B75C44 /* BannerView.swift */,
			);
			path = Components;
			sourceTree = "<group>";
		};
		392787612B32D584009D8A27 = {
			isa = PBXGroup;
			children = (
				3927876C2B32D584009D8A27 /* Hotel */,
				3927876B2B32D584009D8A27 /* Products */,
			);
			sourceTree = "<group>";
		};
		3927876B2B32D584009D8A27 /* Products */ = {
			isa = PBXGroup;
			children = (
				3927876A2B32D584009D8A27 /* Hotel.app */,
			);
			name = Products;
			sourceTree = "<group>";
		};
		3927876C2B32D584009D8A27 /* Hotel */ = {
			isa = PBXGroup;
			children = (
				3927877B2B32D5EF009D8A27 /* Network  */,
				392787802B32E95D009D8A27 /* View */,
				3927877F2B32E951009D8A27 /* Model */,
				392787832B32E9D6009D8A27 /* Common */,
				392787812B32E974009D8A27 /* System */,
				392787732B32D586009D8A27 /* Preview Content */,
			);
			path = Hotel;
			sourceTree = "<group>";
		};
		392787732B32D586009D8A27 /* Preview Content */ = {
			isa = PBXGroup;
			children = (
				392787742B32D586009D8A27 /* Preview Assets.xcassets */,
			);
			path = "Preview Content";
			sourceTree = "<group>";
		};
		3927877B2B32D5EF009D8A27 /* Network  */ = {
			isa = PBXGroup;
			children = (
				3927877C2B32D609009D8A27 /* NetworkingManager.swift */,
			);
			path = "Network ";
			sourceTree = "<group>";
		};
		3927877F2B32E951009D8A27 /* Model */ = {
			isa = PBXGroup;
			children = (
			);
			path = Model;
			sourceTree = "<group>";
		};
		392787802B32E95D009D8A27 /* View */ = {
			isa = PBXGroup;
			children = (
				392267D72B342EC500B831E6 /* Home */,
			);
			path = View;
			sourceTree = "<group>";
		};
		392787812B32E974009D8A27 /* System */ = {
			isa = PBXGroup;
			children = (
				392787712B32D586009D8A27 /* Assets.xcassets */,
				3927876D2B32D584009D8A27 /* HotelApp.swift */,
			);
			path = System;
			sourceTree = "<group>";
		};
		392787832B32E9D6009D8A27 /* Common */ = {
			isa = PBXGroup;
			children = (
				392787B12B32F0D3009D8A27 /* Extention */,
				392787842B32E9E5009D8A27 /* Enum */,
			);
			path = Common;
			sourceTree = "<group>";
		};
		392787842B32E9E5009D8A27 /* Enum */ = {
			isa = PBXGroup;
			children = (
				392787852B32E9F6009D8A27 /* NetworkingError.swift */,
			);
			path = Enum;
			sourceTree = "<group>";
		};
		392787B12B32F0D3009D8A27 /* Extention */ = {
			isa = PBXGroup;
			children = (
				392267DA2B34AFD300B831E6 /* Color.swift */,
				39687E4A2B34B67800B75C44 /* LayoutSubviews.swift */,
			);
			path = Extention;
			sourceTree = "<group>";
		};
		39687E4E2B34C06300B75C44 /* ViewModel */ = {
			isa = PBXGroup;
			children = (
				39687E4F2B34C07400B75C44 /* HomeViewModel.swift */,
			);
			path = ViewModel;
			sourceTree = "<group>";
		};
/* End PBXGroup section */

/* Begin PBXNativeTarget section */
		392787692B32D584009D8A27 /* Hotel */ = {
			isa = PBXNativeTarget;
			buildConfigurationList = 392787782B32D586009D8A27 /* Build configuration list for PBXNativeTarget "Hotel" */;
			buildPhases = (
				392787662B32D584009D8A27 /* Sources */,
				392787672B32D584009D8A27 /* Frameworks */,
				392787682B32D584009D8A27 /* Resources */,
			);
			buildRules = (
			);
			dependencies = (
			);
			name = Hotel;
			productName = Hotel;
			productReference = 3927876A2B32D584009D8A27 /* Hotel.app */;
			productType = "com.apple.product-type.application";
		};
/* End PBXNativeTarget section */

/* Begin PBXProject section */
		392787622B32D584009D8A27 /* Project object */ = {
			isa = PBXProject;
			attributes = {
				BuildIndependentTargetsInParallel = 1;
				LastSwiftUpdateCheck = 1500;
				LastUpgradeCheck = 1500;
				TargetAttributes = {
					392787692B32D584009D8A27 = {
						CreatedOnToolsVersion = 15.0.1;
					};
				};
			};
			buildConfigurationList = 392787652B32D584009D8A27 /* Build configuration list for PBXProject "Hotel" */;
			compatibilityVersion = "Xcode 14.0";
			developmentRegion = en;
			hasScannedForEncodings = 0;
			knownRegions = (
				en,
				Base,
			);
			mainGroup = 392787612B32D584009D8A27;
			productRefGroup = 3927876B2B32D584009D8A27 /* Products */;
			projectDirPath = "";
			projectRoot = "";
			targets = (
				392787692B32D584009D8A27 /* Hotel */,
			);
		};
/* End PBXProject section */

/* Begin PBXResourcesBuildPhase section */
		392787682B32D584009D8A27 /* Resources */ = {
			isa = PBXResourcesBuildPhase;
			buildActionMask = 2147483647;
			files = (
				392787752B32D586009D8A27 /* Preview Assets.xcassets in Resources */,
				392787722B32D586009D8A27 /* Assets.xcassets in Resources */,
			);
			runOnlyForDeploymentPostprocessing = 0;
		};
/* End PBXResourcesBuildPhase section */

/* Begin PBXSourcesBuildPhase section */
		392787662B32D584009D8A27 /* Sources */ = {
			isa = PBXSourcesBuildPhase;
			buildActionMask = 2147483647;
			files = (
				3927877D2B32D609009D8A27 /* NetworkingManager.swift in Sources */,
				392787702B32D584009D8A27 /* HomeView.swift in Sources */,
				39687E492B34B64300B75C44 /* TagLayout.swift in Sources */,
				39687E502B34C07400B75C44 /* HomeViewModel.swift in Sources */,
				392787862B32E9F6009D8A27 /* NetworkingError.swift in Sources */,
				392267DB2B34AFD300B831E6 /* Color.swift in Sources */,
				39687E4D2B34B7BF00B75C44 /* BannerView.swift in Sources */,
				39687E4B2B34B67800B75C44 /* LayoutSubviews.swift in Sources */,
				392267DD2B34B22200B831E6 /* SwitchDetailedView.swift in Sources */,
				3927876E2B32D584009D8A27 /* HotelApp.swift in Sources */,
			);
			runOnlyForDeploymentPostprocessing = 0;
		};
/* End PBXSourcesBuildPhase section */

/* Begin XCBuildConfiguration section */
		392787762B32D586009D8A27 /* Debug */ = {
			isa = XCBuildConfiguration;
			buildSettings = {
				ALWAYS_SEARCH_USER_PATHS = NO;
				ASSETCATALOG_COMPILER_GENERATE_SWIFT_ASSET_SYMBOL_EXTENSIONS = YES;
				CLANG_ANALYZER_NONNULL = YES;
				CLANG_ANALYZER_NUMBER_OBJECT_CONVERSION = YES_AGGRESSIVE;
				CLANG_CXX_LANGUAGE_STANDARD = "gnu++20";
				CLANG_ENABLE_MODULES = YES;
				CLANG_ENABLE_OBJC_ARC = YES;
				CLANG_ENABLE_OBJC_WEAK = YES;
				CLANG_WARN_BLOCK_CAPTURE_AUTORELEASING = YES;
				CLANG_WARN_BOOL_CONVERSION = YES;
				CLANG_WARN_COMMA = YES;
				CLANG_WARN_CONSTANT_CONVERSION = YES;
				CLANG_WARN_DEPRECATED_OBJC_IMPLEMENTATIONS = YES;
				CLANG_WARN_DIRECT_OBJC_ISA_USAGE = YES_ERROR;
				CLANG_WARN_DOCUMENTATION_COMMENTS = YES;
				CLANG_WARN_EMPTY_BODY = YES;
				CLANG_WARN_ENUM_CONVERSION = YES;
				CLANG_WARN_INFINITE_RECURSION = YES;
				CLANG_WARN_INT_CONVERSION = YES;
				CLANG_WARN_NON_LITERAL_NULL_CONVERSION = YES;
				CLANG_WARN_OBJC_IMPLICIT_RETAIN_SELF = YES;
				CLANG_WARN_OBJC_LITERAL_CONVERSION = YES;
				CLANG_WARN_OBJC_ROOT_CLASS = YES_ERROR;
				CLANG_WARN_QUOTED_INCLUDE_IN_FRAMEWORK_HEADER = YES;
				CLANG_WARN_RANGE_LOOP_ANALYSIS = YES;
				CLANG_WARN_STRICT_PROTOTYPES = YES;
				CLANG_WARN_SUSPICIOUS_MOVE = YES;
				CLANG_WARN_UNGUARDED_AVAILABILITY = YES_AGGRESSIVE;
				CLANG_WARN_UNREACHABLE_CODE = YES;
				CLANG_WARN__DUPLICATE_METHOD_MATCH = YES;
				COPY_PHASE_STRIP = NO;
				DEBUG_INFORMATION_FORMAT = dwarf;
				ENABLE_STRICT_OBJC_MSGSEND = YES;
				ENABLE_TESTABILITY = YES;
				ENABLE_USER_SCRIPT_SANDBOXING = YES;
				GCC_C_LANGUAGE_STANDARD = gnu17;
				GCC_DYNAMIC_NO_PIC = NO;
				GCC_NO_COMMON_BLOCKS = YES;
				GCC_OPTIMIZATION_LEVEL = 0;
				GCC_PREPROCESSOR_DEFINITIONS = (
					"DEBUG=1",
					"$(inherited)",
				);
				GCC_WARN_64_TO_32_BIT_CONVERSION = YES;
				GCC_WARN_ABOUT_RETURN_TYPE = YES_ERROR;
				GCC_WARN_UNDECLARED_SELECTOR = YES;
				GCC_WARN_UNINITIALIZED_AUTOS = YES_AGGRESSIVE;
				GCC_WARN_UNUSED_FUNCTION = YES;
				GCC_WARN_UNUSED_VARIABLE = YES;
				IPHONEOS_DEPLOYMENT_TARGET = 17.0;
				LOCALIZATION_PREFERS_STRING_CATALOGS = YES;
				MTL_ENABLE_DEBUG_INFO = INCLUDE_SOURCE;
				MTL_FAST_MATH = YES;
				ONLY_ACTIVE_ARCH = YES;
				SDKROOT = iphoneos;
				SWIFT_ACTIVE_COMPILATION_CONDITIONS = "DEBUG $(inherited)";
				SWIFT_OPTIMIZATION_LEVEL = "-Onone";
			};
			name = Debug;
		};
		392787772B32D586009D8A27 /* Release */ = {
			isa = XCBuildConfiguration;
			buildSettings = {
				ALWAYS_SEARCH_USER_PATHS = NO;
				ASSETCATALOG_COMPILER_GENERATE_SWIFT_ASSET_SYMBOL_EXTENSIONS = YES;
				CLANG_ANALYZER_NONNULL = YES;
				CLANG_ANALYZER_NUMBER_OBJECT_CONVERSION = YES_AGGRESSIVE;
				CLANG_CXX_LANGUAGE_STANDARD = "gnu++20";
				CLANG_ENABLE_MODULES = YES;
				CLANG_ENABLE_OBJC_ARC = YES;
				CLANG_ENABLE_OBJC_WEAK = YES;
				CLANG_WARN_BLOCK_CAPTURE_AUTORELEASING = YES;
				CLANG_WARN_BOOL_CONVERSION = YES;
				CLANG_WARN_COMMA = YES;
				CLANG_WARN_CONSTANT_CONVERSION = YES;
				CLANG_WARN_DEPRECATED_OBJC_IMPLEMENTATIONS = YES;
				CLANG_WARN_DIRECT_OBJC_ISA_USAGE = YES_ERROR;
				CLANG_WARN_DOCUMENTATION_COMMENTS = YES;
				CLANG_WARN_EMPTY_BODY = YES;
				CLANG_WARN_ENUM_CONVERSION = YES;
				CLANG_WARN_INFINITE_RECURSION = YES;
				CLANG_WARN_INT_CONVERSION = YES;
				CLANG_WARN_NON_LITERAL_NULL_CONVERSION = YES;
				CLANG_WARN_OBJC_IMPLICIT_RETAIN_SELF = YES;
				CLANG_WARN_OBJC_LITERAL_CONVERSION = YES;
				CLANG_WARN_OBJC_ROOT_CLASS = YES_ERROR;
				CLANG_WARN_QUOTED_INCLUDE_IN_FRAMEWORK_HEADER = YES;
				CLANG_WARN_RANGE_LOOP_ANALYSIS = YES;
				CLANG_WARN_STRICT_PROTOTYPES = YES;
				CLANG_WARN_SUSPICIOUS_MOVE = YES;
				CLANG_WARN_UNGUARDED_AVAILABILITY = YES_AGGRESSIVE;
				CLANG_WARN_UNREACHABLE_CODE = YES;
				CLANG_WARN__DUPLICATE_METHOD_MATCH = YES;
				COPY_PHASE_STRIP = NO;
				DEBUG_INFORMATION_FORMAT = "dwarf-with-dsym";
				ENABLE_NS_ASSERTIONS = NO;
				ENABLE_STRICT_OBJC_MSGSEND = YES;
				ENABLE_USER_SCRIPT_SANDBOXING = YES;
				GCC_C_LANGUAGE_STANDARD = gnu17;
				GCC_NO_COMMON_BLOCKS = YES;
				GCC_WARN_64_TO_32_BIT_CONVERSION = YES;
				GCC_WARN_ABOUT_RETURN_TYPE = YES_ERROR;
				GCC_WARN_UNDECLARED_SELECTOR = YES;
				GCC_WARN_UNINITIALIZED_AUTOS = YES_AGGRESSIVE;
				GCC_WARN_UNUSED_FUNCTION = YES;
				GCC_WARN_UNUSED_VARIABLE = YES;
				IPHONEOS_DEPLOYMENT_TARGET = 17.0;
				LOCALIZATION_PREFERS_STRING_CATALOGS = YES;
				MTL_ENABLE_DEBUG_INFO = NO;
				MTL_FAST_MATH = YES;
				SDKROOT = iphoneos;
				SWIFT_COMPILATION_MODE = wholemodule;
				VALIDATE_PRODUCT = YES;
			};
			name = Release;
		};
		392787792B32D586009D8A27 /* Debug */ = {
			isa = XCBuildConfiguration;
			buildSettings = {
				ASSETCATALOG_COMPILER_APPICON_NAME = AppIcon;
				ASSETCATALOG_COMPILER_GLOBAL_ACCENT_COLOR_NAME = AccentColor;
				CODE_SIGN_STYLE = Automatic;
				CURRENT_PROJECT_VERSION = 1;
				DEVELOPMENT_ASSET_PATHS = "\"Hotel/Preview Content\"";
				DEVELOPMENT_TEAM = WX7Z7T8KYD;
				ENABLE_PREVIEWS = YES;
				GENERATE_INFOPLIST_FILE = YES;
				INFOPLIST_FILE = Hotel/Info.plist;
				INFOPLIST_KEY_UIApplicationSceneManifest_Generation = YES;
				INFOPLIST_KEY_UIApplicationSupportsIndirectInputEvents = YES;
				INFOPLIST_KEY_UILaunchScreen_Generation = YES;
				INFOPLIST_KEY_UISupportedInterfaceOrientations_iPad = "UIInterfaceOrientationPortrait UIInterfaceOrientationPortraitUpsideDown UIInterfaceOrientationLandscapeLeft UIInterfaceOrientationLandscapeRight";
				INFOPLIST_KEY_UISupportedInterfaceOrientations_iPhone = "UIInterfaceOrientationPortrait UIInterfaceOrientationLandscapeLeft UIInterfaceOrientationLandscapeRight";
				LD_RUNPATH_SEARCH_PATHS = (
					"$(inherited)",
					"@executable_path/Frameworks",
				);
				MARKETING_VERSION = 1.0;
				PRODUCT_BUNDLE_IDENTIFIER = Timur.Hotel;
				PRODUCT_NAME = "$(TARGET_NAME)";
				SWIFT_EMIT_LOC_STRINGS = YES;
				SWIFT_VERSION = 5.0;
				TARGETED_DEVICE_FAMILY = "1,2";
			};
			name = Debug;
		};
		3927877A2B32D586009D8A27 /* Release */ = {
			isa = XCBuildConfiguration;
			buildSettings = {
				ASSETCATALOG_COMPILER_APPICON_NAME = AppIcon;
				ASSETCATALOG_COMPILER_GLOBAL_ACCENT_COLOR_NAME = AccentColor;
				CODE_SIGN_STYLE = Automatic;
				CURRENT_PROJECT_VERSION = 1;
				DEVELOPMENT_ASSET_PATHS = "\"Hotel/Preview Content\"";
				DEVELOPMENT_TEAM = WX7Z7T8KYD;
				ENABLE_PREVIEWS = YES;
				GENERATE_INFOPLIST_FILE = YES;
				INFOPLIST_FILE = Hotel/Info.plist;
				INFOPLIST_KEY_UIApplicationSceneManifest_Generation = YES;
				INFOPLIST_KEY_UIApplicationSupportsIndirectInputEvents = YES;
				INFOPLIST_KEY_UILaunchScreen_Generation = YES;
				INFOPLIST_KEY_UISupportedInterfaceOrientations_iPad = "UIInterfaceOrientationPortrait UIInterfaceOrientationPortraitUpsideDown UIInterfaceOrientationLandscapeLeft UIInterfaceOrientationLandscapeRight";
				INFOPLIST_KEY_UISupportedInterfaceOrientations_iPhone = "UIInterfaceOrientationPortrait UIInterfaceOrientationLandscapeLeft UIInterfaceOrientationLandscapeRight";
				LD_RUNPATH_SEARCH_PATHS = (
					"$(inherited)",
					"@executable_path/Frameworks",
				);
				MARKETING_VERSION = 1.0;
				PRODUCT_BUNDLE_IDENTIFIER = Timur.Hotel;
				PRODUCT_NAME = "$(TARGET_NAME)";
				SWIFT_EMIT_LOC_STRINGS = YES;
				SWIFT_VERSION = 5.0;
				TARGETED_DEVICE_FAMILY = "1,2";
			};
			name = Release;
		};
/* End XCBuildConfiguration section */

/* Begin XCConfigurationList section */
		392787652B32D584009D8A27 /* Build configuration list for PBXProject "Hotel" */ = {
			isa = XCConfigurationList;
			buildConfigurations = (
				392787762B32D586009D8A27 /* Debug */,
				392787772B32D586009D8A27 /* Release */,
			);
			defaultConfigurationIsVisible = 0;
			defaultConfigurationName = Release;
		};
		392787782B32D586009D8A27 /* Build configuration list for PBXNativeTarget "Hotel" */ = {
			isa = XCConfigurationList;
			buildConfigurations = (
				392787792B32D586009D8A27 /* Debug */,
				3927877A2B32D586009D8A27 /* Release */,
			);
			defaultConfigurationIsVisible = 0;
			defaultConfigurationName = Release;
		};
/* End XCConfigurationList section */
	};
	rootObject = 392787622B32D584009D8A27 /* Project object */;
}
